{
  "name": "@netfx/angular2-typescript-netfx",
  "version": "0.0.1-5b",
  "lockfileVersion": 1,
  "requires": true,
  "dependencies": {
    "@angular/common": {
      "version": "7.2.1",
      "resolved": "https://registry.npmjs.org/@angular/common/-/common-7.2.1.tgz",
      "integrity": "sha512-lYf3MeVMz69EriS5ANFY5PerJK0i4xHp/Jy67reb8ydZ+sfW320PUMuFtx3bZvk9PD7NdL3QZvXmla/ogrltTQ==",
      "dev": true,
      "requires": {
        "tslib": "^1.9.0"
      }
    },
    "@angular/compiler": {
      "version": "7.2.1",
      "resolved": "https://registry.npmjs.org/@angular/compiler/-/compiler-7.2.1.tgz",
      "integrity": "sha512-wf9w882hNoRaTDRqkEvQxV7nGB3liTX/LWEMunmm/Yz0nWkvgErR9pIHv3Sm4Ox0hyG3GdMpcVBzQ8qPomGOag==",
      "dev": true,
      "requires": {
        "tslib": "^1.9.0"
      }
    },
    "@angular/core": {
      "version": "7.2.1",
      "resolved": "https://registry.npmjs.org/@angular/core/-/core-7.2.1.tgz",
      "integrity": "sha512-FYNAf4chxBoIVGCW2+fwR2MB2Ur5v1aG9L6zCcMXlZLbR64bu5j2m4e70RhXk/VptKvYWJ45od3xE5KfcaeEig==",
      "dev": true,
      "requires": {
        "tslib": "^1.9.0"
      }
    },
    "@angular/http": {
      "version": "7.2.1",
      "resolved": "https://registry.npmjs.org/@angular/http/-/http-7.2.1.tgz",
      "integrity": "sha512-3xfdN2bmCbzATwRGUEZQVkGn3IN6tMX/whLWGWgcEV3CENJqTUjfjn1+nSHASQLUnmOr5T7yTiWK5P7bDrHYzw==",
      "dev": true,
      "requires": {
        "tslib": "^1.9.0"
      }
    },
    "@angular/platform-browser": {
      "version": "7.2.1",
      "resolved": "https://registry.npmjs.org/@angular/platform-browser/-/platform-browser-7.2.1.tgz",
      "integrity": "sha512-/6uHdFLmRkrkeOo+TzScrLG2YydG8kBNyT6ZpSOBf+bmB5DHyIGd55gh/tQJteKrnyadxRhqWCLBTYAbVX9Pnw==",
      "dev": true,
      "requires": {
        "tslib": "^1.9.0"
      }
    },
    "ngx-cookie": {
      "version": "4.1.2",
      "resolved": "https://registry.npmjs.org/ngx-cookie/-/ngx-cookie-4.1.2.tgz",
      "integrity": "sha512-BU3q+116mSQZvf8WsnKDxyWFy10LtxSvZz1YIjD7pmaSFpiKdWmHTHn0qLgm3OoIL9TfInQ7Ij46rKJWPD+4Kw==",
      "dev": true,
      "requires": {
        "tslib": "^1.9.0"
      }
    },
    "rxjs": {
      "version": "5.5.12",
      "resolved": "https://registry.npmjs.org/rxjs/-/rxjs-5.5.12.tgz",
      "integrity": "sha512-xx2itnL5sBbqeeiVgNPVuQQ1nC8Jp2WfNJhXWHmElW9YmrpS9UVnNzhP3EH3HFqexO5Tlp8GhYY+WEcqcVMvGw==",
      "dev": true,
      "requires": {
        "symbol-observable": "1.0.1"
      }
    },
    "symbol-observable": {
      "version": "1.0.1",
      "resolved": "https://registry.npmjs.org/symbol-observable/-/symbol-observable-1.0.1.tgz",
      "integrity": "sha1-g0D8RwLDEi310iKI+IKD9RPT/dQ=",
      "dev": true
    },
    "tslib": {
      "version": "1.9.3",
      "resolved": "https://registry.npmjs.org/tslib/-/tslib-1.9.3.tgz",
      "integrity": "sha512-4krF8scpejhaOgqzBEcGM7yDIEfi0/8+8zDRZhNZZ2kjmHJ4hv3zCbQWxoJGz1iw5U0Jl0nma13xzHXcncMavQ==",
      "dev": true
    },
    "typescript": {
      "version": "2.9.2",
      "resolved": "https://registry.npmjs.org/typescript/-/typescript-2.9.2.tgz",
      "integrity": "sha512-Gr4p6nFNaoufRIY4NMdpQRNmgxVIGMs4Fcu/ujdYk3nAZqk7supzBE9idmvfZIlH/Cuj//dvi+019qEue9lV0w==",
      "dev": true
    },
    "zone.js": {
      "version": "0.8.28",
      "resolved": "https://registry.npmjs.org/zone.js/-/zone.js-0.8.28.tgz",
      "integrity": "sha512-MjwlvV0wr65IQiT0WSHedo/zUhAqtypMdTUjqroV81RohGj1XANwHuC37dwYxphTRbZBYidk0gNS0dQrU2Q3Pw==",
      "dev": true
    }
  }
}
